
Microsoft Visual Studio Solution File, Format Version 12.00
# Visual Studio Version 17
VisualStudioVersion = 17.11.35312.102
MinimumVisualStudioVersion = 10.0.40219.1
Project("{8BC9CEB8-8B4A-11D0-8D11-00A0C91BC942}") = "1133348-hw10-1", "1133348-hw10-1\1133348-hw10-1.vcxproj", "{C6DD6FE5-DC8D-45ED-9C34-16B3202A2650}"
EndProject
Global
	GlobalSection(SolutionConfigurationPlatforms) = preSolution
		Debug|x64 = Debug|x64
		Debug|x86 = Debug|x86
		Release|x64 = Release|x64
		Release|x86 = Release|x86
	EndGlobalSection
	GlobalSection(ProjectConfigurationPlatforms) = postSolution
		{C6DD6FE5-DC8D-45ED-9C34-16B3202A2650}.Debug|x64.ActiveCfg = Debug|x64
		{C6DD6FE5-DC8D-45ED-9C34-16B3202A2650}.Debug|x64.Build.0 = Debug|x64
		{C6DD6FE5-DC8D-45ED-9C34-16B3202A2650}.Debug|x86.ActiveCfg = Debug|Win32
		{C6DD6FE5-DC8D-45ED-9C34-16B3202A2650}.Debug|x86.Build.0 = Debug|Win32
		{C6DD6FE5-DC8D-45ED-9C34-16B3202A2650}.Release|x64.ActiveCfg = Release|x64
		{C6DD6FE5-DC8D-45ED-9C34-16B3202A2650}.Release|x64.Build.0 = Release|x64
		{C6DD6FE5-DC8D-45ED-9C34-16B3202A2650}.Release|x86.ActiveCfg = Release|Win32
		{C6DD6FE5-DC8D-45ED-9C34-16B3202A2650}.Release|x86.Build.0 = Release|Win32
	EndGlobalSection
	GlobalSection(SolutionProperties) = preSolution
		HideSolutionNode = FALSE
	EndGlobalSection
	GlobalSection(ExtensibilityGlobals) = postSolution
		SolutionGuid = {277532ED-BA6F-4ABA-8EC1-933FE29AE7E2}
	EndGlobalSection
EndGlobal
